PODS:
  - Alamofire (4.8.2)
  - CodableAlamofire (1.1.1):
    - Alamofire (~> 4.0)
  - Kingfisher (4.10.1)
  - SVProgressHUD (2.2.5)

DEPENDENCIES:
  - Alamofire
  - CodableAlamofire
  - Kingfisher
  - SVProgressHUD

SPEC REPOS:
  https://github.com/cocoapods/specs.git:
    - Alamofire
    - CodableAlamofire
    - Kingfisher
    - SVProgressHUD

SPEC CHECKSUMS:
  Alamofire: ae5c501addb7afdbb13687d7f2f722c78734c2d3
  CodableAlamofire: b587c1198562824abb1f468aed34feb00d6cecd8
  Kingfisher: c148cd7b47ebde9989f6bc7c27dcaa79d81279a0
  SVProgressHUD: 1428aafac632c1f86f62aa4243ec12008d7a51d6

PODFILE CHECKSUM: e0ddb9b4656367c53f06c4419ee84560646729c8

COCOAPODS: 1.6.0.beta.1
